
Microsoft Visual Studio Solution File, Format Version 12.00
# Visual Studio Version 17
VisualStudioVersion = 17.6.33723.286
MinimumVisualStudioVersion = 10.0.40219.1
Project("{FAE04EC0-301F-11D3-BF4B-00C04F79EFBC}") = "Exam", "Exam\Exam.csproj", "{22E711B3-0717-43BE-8ACB-F0FD449269CC}"
EndProject
Global
	GlobalSection(SolutionConfigurationPlatforms) = preSolution
		Debug|Any CPU = Debug|Any CPU
		Release|Any CPU = Release|Any CPU
	EndGlobalSection
	GlobalSection(ProjectConfigurationPlatforms) = postSolution
		{22E711B3-0717-43BE-8ACB-F0FD449269CC}.Debug|Any CPU.ActiveCfg = Debug|Any CPU
		{22E711B3-0717-43BE-8ACB-F0FD449269CC}.Debug|Any CPU.Build.0 = Debug|Any CPU
		{22E711B3-0717-43BE-8ACB-F0FD449269CC}.Release|Any CPU.ActiveCfg = Release|Any CPU
		{22E711B3-0717-43BE-8ACB-F0FD449269CC}.Release|Any CPU.Build.0 = Release|Any CPU
	EndGlobalSection
	GlobalSection(SolutionProperties) = preSolution
		HideSolutionNode = FALSE
	EndGlobalSection
	GlobalSection(ExtensibilityGlobals) = postSolution
		SolutionGuid = {28502064-3CE0-40A2-B77E-DC34488B664C}
	EndGlobalSection
EndGlobal
