
Microsoft Visual Studio Solution File, Format Version 12.00
# Visual Studio Version 17
VisualStudioVersion = 17.6.33723.286
MinimumVisualStudioVersion = 10.0.40219.1
Project("{FAE04EC0-301F-11D3-BF4B-00C04F79EFBC}") = "EntityFrameworkTest", "EntityFrameworkTest\EntityFrameworkTest.csproj", "{F5659268-F19D-401B-8F1F-F58BDFE7378C}"
EndProject
Global
	GlobalSection(SolutionConfigurationPlatforms) = preSolution
		Debug|Any CPU = Debug|Any CPU
		Release|Any CPU = Release|Any CPU
	EndGlobalSection
	GlobalSection(ProjectConfigurationPlatforms) = postSolution
		{F5659268-F19D-401B-8F1F-F58BDFE7378C}.Debug|Any CPU.ActiveCfg = Debug|Any CPU
		{F5659268-F19D-401B-8F1F-F58BDFE7378C}.Debug|Any CPU.Build.0 = Debug|Any CPU
		{F5659268-F19D-401B-8F1F-F58BDFE7378C}.Release|Any CPU.ActiveCfg = Release|Any CPU
		{F5659268-F19D-401B-8F1F-F58BDFE7378C}.Release|Any CPU.Build.0 = Release|Any CPU
	EndGlobalSection
	GlobalSection(SolutionProperties) = preSolution
		HideSolutionNode = FALSE
	EndGlobalSection
	GlobalSection(ExtensibilityGlobals) = postSolution
		SolutionGuid = {79AE337C-CA6C-4CC1-8864-C19D35D98C2C}
	EndGlobalSection
EndGlobal
