
Microsoft Visual Studio Solution File, Format Version 12.00
# Visual Studio Version 17
VisualStudioVersion = 17.6.33723.286
MinimumVisualStudioVersion = 10.0.40219.1
Project("{FAE04EC0-301F-11D3-BF4B-00C04F79EFBC}") = "SupperMarketManagement", "SupperMarketManagement\SupperMarketManagement.csproj", "{D5B3A1F4-95DC-4066-BB3A-4388CF908FEE}"
EndProject
Global
	GlobalSection(SolutionConfigurationPlatforms) = preSolution
		Debug|Any CPU = Debug|Any CPU
		Release|Any CPU = Release|Any CPU
	EndGlobalSection
	GlobalSection(ProjectConfigurationPlatforms) = postSolution
		{D5B3A1F4-95DC-4066-BB3A-4388CF908FEE}.Debug|Any CPU.ActiveCfg = Debug|Any CPU
		{D5B3A1F4-95DC-4066-BB3A-4388CF908FEE}.Debug|Any CPU.Build.0 = Debug|Any CPU
		{D5B3A1F4-95DC-4066-BB3A-4388CF908FEE}.Release|Any CPU.ActiveCfg = Release|Any CPU
		{D5B3A1F4-95DC-4066-BB3A-4388CF908FEE}.Release|Any CPU.Build.0 = Release|Any CPU
	EndGlobalSection
	GlobalSection(SolutionProperties) = preSolution
		HideSolutionNode = FALSE
	EndGlobalSection
	GlobalSection(ExtensibilityGlobals) = postSolution
		SolutionGuid = {1F58C518-95EA-4D2E-B8A2-5D90C5D0AC19}
	EndGlobalSection
EndGlobal
