
Microsoft Visual Studio Solution File, Format Version 12.00
# Visual Studio Version 17
VisualStudioVersion = 17.6.33723.286
MinimumVisualStudioVersion = 10.0.40219.1
Project("{FAE04EC0-301F-11D3-BF4B-00C04F79EFBC}") = "GeometricObjectDemo", "Session04\GeometricObjectDemo.csproj", "{918D5A28-E78D-4413-A70D-FE9EB49717AD}"
EndProject
Global
	GlobalSection(SolutionConfigurationPlatforms) = preSolution
		Debug|Any CPU = Debug|Any CPU
		Release|Any CPU = Release|Any CPU
	EndGlobalSection
	GlobalSection(ProjectConfigurationPlatforms) = postSolution
		{918D5A28-E78D-4413-A70D-FE9EB49717AD}.Debug|Any CPU.ActiveCfg = Debug|Any CPU
		{918D5A28-E78D-4413-A70D-FE9EB49717AD}.Debug|Any CPU.Build.0 = Debug|Any CPU
		{918D5A28-E78D-4413-A70D-FE9EB49717AD}.Release|Any CPU.ActiveCfg = Release|Any CPU
		{918D5A28-E78D-4413-A70D-FE9EB49717AD}.Release|Any CPU.Build.0 = Release|Any CPU
	EndGlobalSection
	GlobalSection(SolutionProperties) = preSolution
		HideSolutionNode = FALSE
	EndGlobalSection
	GlobalSection(ExtensibilityGlobals) = postSolution
		SolutionGuid = {B1C2B9AB-23F8-4502-80B9-B4EFDCA3D1A8}
	EndGlobalSection
EndGlobal
